// !$*UTF8*$!
{
	archiveVersion = 1;
	classes = {
	};
	objectVersion = 46;
	objects = {

/* Begin PBXBuildFile section */
		17156FFC1C5A4FC10522F5A7 /* Pods_AutoComplete.framework in Frameworks */ = {isa = PBXBuildFile; fileRef = 66AD18B79E6A6D1A3608034A /* Pods_AutoComplete.framework */; };
		1FCBFB511D968C2B00D2E18D /* 04211CEE-8E89-4BE2-B290-1C1916FB99BB.codesnippet in Resources */ = {isa = PBXBuildFile; fileRef = 1FCBFB1E1D968C2B00D2E18D /* 04211CEE-8E89-4BE2-B290-1C1916FB99BB.codesnippet */; };
		1FCBFB521D968C2B00D2E18D /* 0C5F991E-7FFA-4E91-91A6-7A7D54F16E50.codesnippet in Resources */ = {isa = PBXBuildFile; fileRef = 1FCBFB1F1D968C2B00D2E18D /* 0C5F991E-7FFA-4E91-91A6-7A7D54F16E50.codesnippet */; };
		1FCBFB531D968C2B00D2E18D /* 0D37C17E-D7C6-490C-8696-93DDE73F7A3F.codesnippet in Resources */ = {isa = PBXBuildFile; fileRef = 1FCBFB201D968C2B00D2E18D /* 0D37C17E-D7C6-490C-8696-93DDE73F7A3F.codesnippet */; };
		1FCBFB541D968C2B00D2E18D /* 131D8707-9928-4E60-8B94-E0C37BA65C03.codesnippet in Resources */ = {isa = PBXBuildFile; fileRef = 1FCBFB211D968C2B00D2E18D /* 131D8707-9928-4E60-8B94-E0C37BA65C03.codesnippet */; };
		1FCBFB551D968C2B00D2E18D /* 23D4531B-5051-4F50-A19C-075FD9A19E35.codesnippet in Resources */ = {isa = PBXBuildFile; fileRef = 1FCBFB221D968C2B00D2E18D /* 23D4531B-5051-4F50-A19C-075FD9A19E35.codesnippet */; };
		1FCBFB561D968C2B00D2E18D /* 26C0E131-2EDC-48DF-9227-F62842BE8DA8.codesnippet in Resources */ = {isa = PBXBuildFile; fileRef = 1FCBFB231D968C2B00D2E18D /* 26C0E131-2EDC-48DF-9227-F62842BE8DA8.codesnippet */; };
		1FCBFB571D968C2B00D2E18D /* 2E9BA0DC-121C-4619-88FB-AC00DEF0E770.codesnippet in Resources */ = {isa = PBXBuildFile; fileRef = 1FCBFB241D968C2B00D2E18D /* 2E9BA0DC-121C-4619-88FB-AC00DEF0E770.codesnippet */; };
		1FCBFB581D968C2B00D2E18D /* 36C20B7A-CAB3-441B-A33C-D9A6618A14FE.codesnippet in Resources */ = {isa = PBXBuildFile; fileRef = 1FCBFB251D968C2B00D2E18D /* 36C20B7A-CAB3-441B-A33C-D9A6618A14FE.codesnippet */; };
		1FCBFB591D968C2B00D2E18D /* 3DE9B01D-3975-4AEF-BCF8-666C102BE8FA.codesnippet in Resources */ = {isa = PBXBuildFile; fileRef = 1FCBFB261D968C2B00D2E18D /* 3DE9B01D-3975-4AEF-BCF8-666C102BE8FA.codesnippet */; };
		1FCBFB5A1D968C2B00D2E18D /* 49FE8365-D9C5-4DBD-8D69-CB00D37E6CB6.codesnippet in Resources */ = {isa = PBXBuildFile; fileRef = 1FCBFB271D968C2B00D2E18D /* 49FE8365-D9C5-4DBD-8D69-CB00D37E6CB6.codesnippet */; };
		1FCBFB5B1D968C2B00D2E18D /* 4AD55C26-0D5B-43C1-BDB0-80F9E08062F8.codesnippet in Resources */ = {isa = PBXBuildFile; fileRef = 1FCBFB281D968C2B00D2E18D /* 4AD55C26-0D5B-43C1-BDB0-80F9E08062F8.codesnippet */; };
		1FCBFB5C1D968C2B00D2E18D /* 4EF577F1-577B-439E-8F6F-682B78DBF9D9.codesnippet in Resources */ = {isa = PBXBuildFile; fileRef = 1FCBFB291D968C2B00D2E18D /* 4EF577F1-577B-439E-8F6F-682B78DBF9D9.codesnippet */; };
		1FCBFB5D1D968C2B00D2E18D /* 51DC9209-9458-4652-BD93-96C5C54443CE.codesnippet in Resources */ = {isa = PBXBuildFile; fileRef = 1FCBFB2A1D968C2B00D2E18D /* 51DC9209-9458-4652-BD93-96C5C54443CE.codesnippet */; };
		1FCBFB5E1D968C2B00D2E18D /* 52B02295-5363-4109-A7C0-1C98767CDC4A.codesnippet in Resources */ = {isa = PBXBuildFile; fileRef = 1FCBFB2B1D968C2B00D2E18D /* 52B02295-5363-4109-A7C0-1C98767CDC4A.codesnippet */; };
		1FCBFB5F1D968C2B00D2E18D /* 57C58C81-0A3E-438C-9CA3-5902DF2B2099.codesnippet in Resources */ = {isa = PBXBuildFile; fileRef = 1FCBFB2C1D968C2B00D2E18D /* 57C58C81-0A3E-438C-9CA3-5902DF2B2099.codesnippet */; };
		1FCBFB601D968C2B00D2E18D /* 581D135F-16F1-4E25-A6BD-04561123B841.codesnippet in Resources */ = {isa = PBXBuildFile; fileRef = 1FCBFB2D1D968C2B00D2E18D /* 581D135F-16F1-4E25-A6BD-04561123B841.codesnippet */; };
		1FCBFB611D968C2B00D2E18D /* 5C55C664-D674-4618-81EE-4B5736EFB273.codesnippet in Resources */ = {isa = PBXBuildFile; fileRef = 1FCBFB2E1D968C2B00D2E18D /* 5C55C664-D674-4618-81EE-4B5736EFB273.codesnippet */; };
		1FCBFB621D968C2B00D2E18D /* 6A292242-7918-424F-8613-611BE975D450.codesnippet in Resources */ = {isa = PBXBuildFile; fileRef = 1FCBFB2F1D968C2B00D2E18D /* 6A292242-7918-424F-8613-611BE975D450.codesnippet */; };
		1FCBFB631D968C2B00D2E18D /* 6F5974DC-8352-47A4-B4B9-EA4A0AB7D3B1.codesnippet in Resources */ = {isa = PBXBuildFile; fileRef = 1FCBFB301D968C2B00D2E18D /* 6F5974DC-8352-47A4-B4B9-EA4A0AB7D3B1.codesnippet */; };
		1FCBFB641D968C2B00D2E18D /* 711F678F-ECA0-4677-82FE-CF080F26FA1C.codesnippet in Resources */ = {isa = PBXBuildFile; fileRef = 1FCBFB311D968C2B00D2E18D /* 711F678F-ECA0-4677-82FE-CF080F26FA1C.codesnippet */; };
		1FCBFB651D968C2B00D2E18D /* 714CE82A-2F9B-42FD-8627-C9197FE30024.codesnippet in Resources */ = {isa = PBXBuildFile; fileRef = 1FCBFB321D968C2B00D2E18D /* 714CE82A-2F9B-42FD-8627-C9197FE30024.codesnippet */; };
		1FCBFB661D968C2B00D2E18D /* 7976BDF6-FF9A-4841-AF9C-BB9243681396.codesnippet in Resources */ = {isa = PBXBuildFile; fileRef = 1FCBFB331D968C2B00D2E18D /* 7976BDF6-FF9A-4841-AF9C-BB9243681396.codesnippet */; };
		1FCBFB671D968C2B00D2E18D /* 7D2A8296-3744-40FB-8F4D-1D9BB4CC5F5F.codesnippet in Resources */ = {isa = PBXBuildFile; fileRef = 1FCBFB341D968C2B00D2E18D /* 7D2A8296-3744-40FB-8F4D-1D9BB4CC5F5F.codesnippet */; };
		1FCBFB681D968C2B00D2E18D /* 8826EC61-9F50-4A2D-A2A6-00961AE39195.codesnippet in Resources */ = {isa = PBXBuildFile; fileRef = 1FCBFB351D968C2B00D2E18D /* 8826EC61-9F50-4A2D-A2A6-00961AE39195.codesnippet */; };
		1FCBFB691D968C2B00D2E18D /* 8D1183C9-5459-4743-AA4D-DA1DC9D77DAA.codesnippet in Resources */ = {isa = PBXBuildFile; fileRef = 1FCBFB361D968C2B00D2E18D /* 8D1183C9-5459-4743-AA4D-DA1DC9D77DAA.codesnippet */; };
		1FCBFB6A1D968C2B00D2E18D /* 92FD9F33-15CE-4A09-8F75-3717DCF2382B.codesnippet in Resources */ = {isa = PBXBuildFile; fileRef = 1FCBFB371D968C2B00D2E18D /* 92FD9F33-15CE-4A09-8F75-3717DCF2382B.codesnippet */; };
		1FCBFB6B1D968C2B00D2E18D /* 99B2D33E-3C4A-4739-BEE7-B554B4C21FE3.codesnippet in Resources */ = {isa = PBXBuildFile; fileRef = 1FCBFB381D968C2B00D2E18D /* 99B2D33E-3C4A-4739-BEE7-B554B4C21FE3.codesnippet */; };
		1FCBFB6C1D968C2B00D2E18D /* 9CF3BA89-C191-43FC-ABFC-84DCAFDFEAC2.codesnippet in Resources */ = {isa = PBXBuildFile; fileRef = 1FCBFB391D968C2B00D2E18D /* 9CF3BA89-C191-43FC-ABFC-84DCAFDFEAC2.codesnippet */; };
		1FCBFB6D1D968C2B00D2E18D /* 9F4E3E6E-6C6C-432D-947B-C0E492ABE8CF.codesnippet in Resources */ = {isa = PBXBuildFile; fileRef = 1FCBFB3A1D968C2B00D2E18D /* 9F4E3E6E-6C6C-432D-947B-C0E492ABE8CF.codesnippet */; };
		1FCBFB6E1D968C2B00D2E18D /* A0652FEC-F239-4516-B780-9132AF7019E0.codesnippet in Resources */ = {isa = PBXBuildFile; fileRef = 1FCBFB3B1D968C2B00D2E18D /* A0652FEC-F239-4516-B780-9132AF7019E0.codesnippet */; };
		1FCBFB6F1D968C2B00D2E18D /* A0E0370F-4481-4AFD-9A98-94FA906E69AA.codesnippet in Resources */ = {isa = PBXBuildFile; fileRef = 1FCBFB3C1D968C2B00D2E18D /* A0E0370F-4481-4AFD-9A98-94FA906E69AA.codesnippet */; };
		1FCBFB701D968C2B00D2E18D /* A6132B69-0836-4EA2-9D8C-34F376E3AB9F.codesnippet in Resources */ = {isa = PBXBuildFile; fileRef = 1FCBFB3D1D968C2B00D2E18D /* A6132B69-0836-4EA2-9D8C-34F376E3AB9F.codesnippet */; };
		1FCBFB711D968C2B00D2E18D /* A902D087-3DE1-4D66-AF12-7F7120B510C1.codesnippet in Resources */ = {isa = PBXBuildFile; fileRef = 1FCBFB3E1D968C2B00D2E18D /* A902D087-3DE1-4D66-AF12-7F7120B510C1.codesnippet */; };
		1FCBFB721D968C2B00D2E18D /* AnimationWithBlocks.codesnippet in Resources */ = {isa = PBXBuildFile; fileRef = 1FCBFB3F1D968C2B00D2E18D /* AnimationWithBlocks.codesnippet */; };
		1FCBFB731D968C2B00D2E18D /* B558FFDA-7F17-4DDA-982D-69FCAF6CD393.codesnippet in Resources */ = {isa = PBXBuildFile; fileRef = 1FCBFB401D968C2B00D2E18D /* B558FFDA-7F17-4DDA-982D-69FCAF6CD393.codesnippet */; };
		1FCBFB741D968C2B00D2E18D /* BD1C42D4-7713-4FAD-BCD4-0A585FFE5665.codesnippet in Resources */ = {isa = PBXBuildFile; fileRef = 1FCBFB411D968C2B00D2E18D /* BD1C42D4-7713-4FAD-BCD4-0A585FFE5665.codesnippet */; };
		1FCBFB751D968C2B00D2E18D /* BD3717C2-2CA7-4416-9210-85A9F35C42C7.codesnippet in Resources */ = {isa = PBXBuildFile; fileRef = 1FCBFB421D968C2B00D2E18D /* BD3717C2-2CA7-4416-9210-85A9F35C42C7.codesnippet */; };
		1FCBFB761D968C2B00D2E18D /* BE07EFBF-2B67-43EB-87E2-D067FEBF5AAD.codesnippet in Resources */ = {isa = PBXBuildFile; fileRef = 1FCBFB431D968C2B00D2E18D /* BE07EFBF-2B67-43EB-87E2-D067FEBF5AAD.codesnippet */; };
		1FCBFB771D968C2B00D2E18D /* C3D5AF55-B7AB-4F45-A086-CD8827F32196.codesnippet in Resources */ = {isa = PBXBuildFile; fileRef = 1FCBFB441D968C2B00D2E18D /* C3D5AF55-B7AB-4F45-A086-CD8827F32196.codesnippet */; };
		1FCBFB781D968C2B00D2E18D /* C90DE11B-5771-443B-B5E5-BB35778EB331.codesnippet in Resources */ = {isa = PBXBuildFile; fileRef = 1FCBFB451D968C2B00D2E18D /* C90DE11B-5771-443B-B5E5-BB35778EB331.codesnippet */; };
		1FCBFB791D968C2B00D2E18D /* D592017B-78F6-4DD5-894E-E7ED6F5CC9A8.codesnippet in Resources */ = {isa = PBXBuildFile; fileRef = 1FCBFB461D968C2B00D2E18D /* D592017B-78F6-4DD5-894E-E7ED6F5CC9A8.codesnippet */; };
		1FCBFB7A1D968C2B00D2E18D /* DF96E6D4-2201-4ED1-9FDE-3C2A40349FFF.codesnippet in Resources */ = {isa = PBXBuildFile; fileRef = 1FCBFB471D968C2B00D2E18D /* DF96E6D4-2201-4ED1-9FDE-3C2A40349FFF.codesnippet */; };
		1FCBFB7B1D968C2B00D2E18D /* DFA2BA01-AA43-4D4D-BA32-81D3C1B8B373.codesnippet in Resources */ = {isa = PBXBuildFile; fileRef = 1FCBFB481D968C2B00D2E18D /* DFA2BA01-AA43-4D4D-BA32-81D3C1B8B373.codesnippet */; };
		1FCBFB7C1D968C2B00D2E18D /* E5C994C6-A89C-4DEC-B189-95C6EB9138EE.codesnippet in Resources */ = {isa = PBXBuildFile; fileRef = 1FCBFB491D968C2B00D2E18D /* E5C994C6-A89C-4DEC-B189-95C6EB9138EE.codesnippet */; };
		1FCBFB7D1D968C2B00D2E18D /* EB705466-BE1C-41A0-BD9E-D44988BC6B65.codesnippet in Resources */ = {isa = PBXBuildFile; fileRef = 1FCBFB4A1D968C2B00D2E18D /* EB705466-BE1C-41A0-BD9E-D44988BC6B65.codesnippet */; };
		1FCBFB7E1D968C2B00D2E18D /* EDB6E0E3-AEC0-408C-AA7B-E4553A9E5981.codesnippet in Resources */ = {isa = PBXBuildFile; fileRef = 1FCBFB4B1D968C2B00D2E18D /* EDB6E0E3-AEC0-408C-AA7B-E4553A9E5981.codesnippet */; };
		1FCBFB7F1D968C2B00D2E18D /* FD2C1A1B-032E-425F-B304-D3E3461BB242.codesnippet in Resources */ = {isa = PBXBuildFile; fileRef = 1FCBFB4C1D968C2B00D2E18D /* FD2C1A1B-032E-425F-B304-D3E3461BB242.codesnippet */; };
		1FCBFB801D968C2B00D2E18D /* FF7226F8-514C-4D38-8FB5-385486EC6743.codesnippet in Resources */ = {isa = PBXBuildFile; fileRef = 1FCBFB4D1D968C2B00D2E18D /* FF7226F8-514C-4D38-8FB5-385486EC6743.codesnippet */; };
		1FCBFB811D968C2B00D2E18D /* PrivateCategory.codesnippet in Resources */ = {isa = PBXBuildFile; fileRef = 1FCBFB4E1D968C2B00D2E18D /* PrivateCategory.codesnippet */; };
		1FCBFB821D968C2B00D2E18D /* ReleaseAndNil.codesnippet in Resources */ = {isa = PBXBuildFile; fileRef = 1FCBFB4F1D968C2B00D2E18D /* ReleaseAndNil.codesnippet */; };
		1FCBFB831D968C2B00D2E18D /* StringFormatter.codesnippet in Resources */ = {isa = PBXBuildFile; fileRef = 1FCBFB501D968C2B00D2E18D /* StringFormatter.codesnippet */; };
		1FD0B7B81D716E4600B7A6F2 /* AppDelegate.swift in Sources */ = {isa = PBXBuildFile; fileRef = 1FD0B7B71D716E4600B7A6F2 /* AppDelegate.swift */; };
		1FD0B7BA1D716E4600B7A6F2 /* ViewController.swift in Sources */ = {isa = PBXBuildFile; fileRef = 1FD0B7B91D716E4600B7A6F2 /* ViewController.swift */; };
		1FD0B7BD1D716E4600B7A6F2 /* Main.storyboard in Resources */ = {isa = PBXBuildFile; fileRef = 1FD0B7BB1D716E4600B7A6F2 /* Main.storyboard */; };
		1FD0B7BF1D716E4600B7A6F2 /* Assets.xcassets in Resources */ = {isa = PBXBuildFile; fileRef = 1FD0B7BE1D716E4600B7A6F2 /* Assets.xcassets */; };
		1FD0B7C21D716E4600B7A6F2 /* LaunchScreen.storyboard in Resources */ = {isa = PBXBuildFile; fileRef = 1FD0B7C01D716E4600B7A6F2 /* LaunchScreen.storyboard */; };
		1FD0B7E41D7172D500B7A6F2 /* Message.m in Sources */ = {isa = PBXBuildFile; fileRef = 1FD0B7DB1D7172D500B7A6F2 /* Message.m */; };
		1FD0B7E51D7172D500B7A6F2 /* MessageTableViewCell.m in Sources */ = {isa = PBXBuildFile; fileRef = 1FD0B7DD1D7172D500B7A6F2 /* MessageTableViewCell.m */; };
		1FD0B7E61D7172D500B7A6F2 /* MessageTextView.m in Sources */ = {isa = PBXBuildFile; fileRef = 1FD0B7DF1D7172D500B7A6F2 /* MessageTextView.m */; };
		1FD0B7E81D7172D500B7A6F2 /* TypingIndicatorView.m in Sources */ = {isa = PBXBuildFile; fileRef = 1FD0B7E31D7172D500B7A6F2 /* TypingIndicatorView.m */; };
		1FF0A0A61D79F0A300B9F481 /* LocationManager.swift in Sources */ = {isa = PBXBuildFile; fileRef = 1FF0A0A51D79F0A300B9F481 /* LocationManager.swift */; };
		1FFE89121D71A3D0004AEAC2 /* CustomLayoutManager.m in Sources */ = {isa = PBXBuildFile; fileRef = 1FFE89071D71A3D0004AEAC2 /* CustomLayoutManager.m */; };
		1FFE89131D71A3D0004AEAC2 /* InlineTextAttachment.m in Sources */ = {isa = PBXBuildFile; fileRef = 1FFE89091D71A3D0004AEAC2 /* InlineTextAttachment.m */; };
		1FFE89141D71A3D0004AEAC2 /* NSAttributedString+Processing.m in Sources */ = {isa = PBXBuildFile; fileRef = 1FFE890B1D71A3D0004AEAC2 /* NSAttributedString+Processing.m */; };
		1FFE89151D71A3D0004AEAC2 /* NSMutableAttributedString+BoundChecker.m in Sources */ = {isa = PBXBuildFile; fileRef = 1FFE890D1D71A3D0004AEAC2 /* NSMutableAttributedString+BoundChecker.m */; };
		1FFE89161D71A3D0004AEAC2 /* PatternDescriptor.m in Sources */ = {isa = PBXBuildFile; fileRef = 1FFE890F1D71A3D0004AEAC2 /* PatternDescriptor.m */; };
		1FFE89171D71A3D0004AEAC2 /* ResponsiveLabel.m in Sources */ = {isa = PBXBuildFile; fileRef = 1FFE89111D71A3D0004AEAC2 /* ResponsiveLabel.m */; };
/* End PBXBuildFile section */

/* Begin PBXFileReference section */
		186A66EF25242E538D314146 /* Pods-AutoComplete.debug.xcconfig */ = {isa = PBXFileReference; includeInIndex = 1; lastKnownFileType = text.xcconfig; name = "Pods-AutoComplete.debug.xcconfig"; path = "Pods/Target Support Files/Pods-AutoComplete/Pods-AutoComplete.debug.xcconfig"; sourceTree = "<group>"; };
		1FCBFB1E1D968C2B00D2E18D /* 04211CEE-8E89-4BE2-B290-1C1916FB99BB.codesnippet */ = {isa = PBXFileReference; fileEncoding = 4; lastKnownFileType = text.xml; path = "04211CEE-8E89-4BE2-B290-1C1916FB99BB.codesnippet"; sourceTree = "<group>"; };
		1FCBFB1F1D968C2B00D2E18D /* 0C5F991E-7FFA-4E91-91A6-7A7D54F16E50.codesnippet */ = {isa = PBXFileReference; fileEncoding = 4; lastKnownFileType = text.xml; path = "0C5F991E-7FFA-4E91-91A6-7A7D54F16E50.codesnippet"; sourceTree = "<group>"; };
		1FCBFB201D968C2B00D2E18D /* 0D37C17E-D7C6-490C-8696-93DDE73F7A3F.codesnippet */ = {isa = PBXFileReference; fileEncoding = 4; lastKnownFileType = text.xml; path = "0D37C17E-D7C6-490C-8696-93DDE73F7A3F.codesnippet"; sourceTree = "<group>"; };
		1FCBFB211D968C2B00D2E18D /* 131D8707-9928-4E60-8B94-E0C37BA65C03.codesnippet */ = {isa = PBXFileReference; fileEncoding = 4; lastKnownFileType = text.xml; path = "131D8707-9928-4E60-8B94-E0C37BA65C03.codesnippet"; sourceTree = "<group>"; };
		1FCBFB221D968C2B00D2E18D /* 23D4531B-5051-4F50-A19C-075FD9A19E35.codesnippet */ = {isa = PBXFileReference; fileEncoding = 4; lastKnownFileType = text.xml; path = "23D4531B-5051-4F50-A19C-075FD9A19E35.codesnippet"; sourceTree = "<group>"; };
		1FCBFB231D968C2B00D2E18D /* 26C0E131-2EDC-48DF-9227-F62842BE8DA8.codesnippet */ = {isa = PBXFileReference; fileEncoding = 4; lastKnownFileType = text.xml; path = "26C0E131-2EDC-48DF-9227-F62842BE8DA8.codesnippet"; sourceTree = "<group>"; };
		1FCBFB241D968C2B00D2E18D /* 2E9BA0DC-121C-4619-88FB-AC00DEF0E770.codesnippet */ = {isa = PBXFileReference; fileEncoding = 4; lastKnownFileType = text.xml; path = "2E9BA0DC-121C-4619-88FB-AC00DEF0E770.codesnippet"; sourceTree = "<group>"; };
		1FCBFB251D968C2B00D2E18D /* 36C20B7A-CAB3-441B-A33C-D9A6618A14FE.codesnippet */ = {isa = PBXFileReference; fileEncoding = 4; lastKnownFileType = text.xml; path = "36C20B7A-CAB3-441B-A33C-D9A6618A14FE.codesnippet"; sourceTree = "<group>"; };
		1FCBFB261D968C2B00D2E18D /* 3DE9B01D-3975-4AEF-BCF8-666C102BE8FA.codesnippet */ = {isa = PBXFileReference; fileEncoding = 4; lastKnownFileType = text.xml; path = "3DE9B01D-3975-4AEF-BCF8-666C102BE8FA.codesnippet"; sourceTree = "<group>"; };
		1FCBFB271D968C2B00D2E18D /* 49FE8365-D9C5-4DBD-8D69-CB00D37E6CB6.codesnippet */ = {isa = PBXFileReference; fileEncoding = 4; lastKnownFileType = text.xml; path = "49FE8365-D9C5-4DBD-8D69-CB00D37E6CB6.codesnippet"; sourceTree = "<group>"; };
		1FCBFB281D968C2B00D2E18D /* 4AD55C26-0D5B-43C1-BDB0-80F9E08062F8.codesnippet */ = {isa = PBXFileReference; fileEncoding = 4; lastKnownFileType = text.xml; path = "4AD55C26-0D5B-43C1-BDB0-80F9E08062F8.codesnippet"; sourceTree = "<group>"; };
		1FCBFB291D968C2B00D2E18D /* 4EF577F1-577B-439E-8F6F-682B78DBF9D9.codesnippet */ = {isa = PBXFileReference; fileEncoding = 4; lastKnownFileType = text.xml; path = "4EF577F1-577B-439E-8F6F-682B78DBF9D9.codesnippet"; sourceTree = "<group>"; };
		1FCBFB2A1D968C2B00D2E18D /* 51DC9209-9458-4652-BD93-96C5C54443CE.codesnippet */ = {isa = PBXFileReference; fileEncoding = 4; lastKnownFileType = text.xml; path = "51DC9209-9458-4652-BD93-96C5C54443CE.codesnippet"; sourceTree = "<group>"; };
		1FCBFB2B1D968C2B00D2E18D /* 52B02295-5363-4109-A7C0-1C98767CDC4A.codesnippet */ = {isa = PBXFileReference; fileEncoding = 4; lastKnownFileType = text.xml; path = "52B02295-5363-4109-A7C0-1C98767CDC4A.codesnippet"; sourceTree = "<group>"; };
		1FCBFB2C1D968C2B00D2E18D /* 57C58C81-0A3E-438C-9CA3-5902DF2B2099.codesnippet */ = {isa = PBXFileReference; fileEncoding = 4; lastKnownFileType = text.xml; path = "57C58C81-0A3E-438C-9CA3-5902DF2B2099.codesnippet"; sourceTree = "<group>"; };
		1FCBFB2D1D968C2B00D2E18D /* 581D135F-16F1-4E25-A6BD-04561123B841.codesnippet */ = {isa = PBXFileReference; fileEncoding = 4; lastKnownFileType = text.xml; path = "581D135F-16F1-4E25-A6BD-04561123B841.codesnippet"; sourceTree = "<group>"; };
		1FCBFB2E1D968C2B00D2E18D /* 5C55C664-D674-4618-81EE-4B5736EFB273.codesnippet */ = {isa = PBXFileReference; fileEncoding = 4; lastKnownFileType = text.xml; path = "5C55C664-D674-4618-81EE-4B5736EFB273.codesnippet"; sourceTree = "<group>"; };
		1FCBFB2F1D968C2B00D2E18D /* 6A292242-7918-424F-8613-611BE975D450.codesnippet */ = {isa = PBXFileReference; fileEncoding = 4; lastKnownFileType = text.xml; path = "6A292242-7918-424F-8613-611BE975D450.codesnippet"; sourceTree = "<group>"; };
		1FCBFB301D968C2B00D2E18D /* 6F5974DC-8352-47A4-B4B9-EA4A0AB7D3B1.codesnippet */ = {isa = PBXFileReference; fileEncoding = 4; lastKnownFileType = text.xml; path = "6F5974DC-8352-47A4-B4B9-EA4A0AB7D3B1.codesnippet"; sourceTree = "<group>"; };
		1FCBFB311D968C2B00D2E18D /* 711F678F-ECA0-4677-82FE-CF080F26FA1C.codesnippet */ = {isa = PBXFileReference; fileEncoding = 4; lastKnownFileType = text.xml; path = "711F678F-ECA0-4677-82FE-CF080F26FA1C.codesnippet"; sourceTree = "<group>"; };
		1FCBFB321D968C2B00D2E18D /* 714CE82A-2F9B-42FD-8627-C9197FE30024.codesnippet */ = {isa = PBXFileReference; fileEncoding = 4; lastKnownFileType = text.xml; path = "714CE82A-2F9B-42FD-8627-C9197FE30024.codesnippet"; sourceTree = "<group>"; };
		1FCBFB331D968C2B00D2E18D /* 7976BDF6-FF9A-4841-AF9C-BB9243681396.codesnippet */ = {isa = PBXFileReference; fileEncoding = 4; lastKnownFileType = text.xml; path = "7976BDF6-FF9A-4841-AF9C-BB9243681396.codesnippet"; sourceTree = "<group>"; };
		1FCBFB341D968C2B00D2E18D /* 7D2A8296-3744-40FB-8F4D-1D9BB4CC5F5F.codesnippet */ = {isa = PBXFileReference; fileEncoding = 4; lastKnownFileType = text.xml; path = "7D2A8296-3744-40FB-8F4D-1D9BB4CC5F5F.codesnippet"; sourceTree = "<group>"; };
		1FCBFB351D968C2B00D2E18D /* 8826EC61-9F50-4A2D-A2A6-00961AE39195.codesnippet */ = {isa = PBXFileReference; fileEncoding = 4; lastKnownFileType = text.xml; path = "8826EC61-9F50-4A2D-A2A6-00961AE39195.codesnippet"; sourceTree = "<group>"; };
		1FCBFB361D968C2B00D2E18D /* 8D1183C9-5459-4743-AA4D-DA1DC9D77DAA.codesnippet */ = {isa = PBXFileReference; fileEncoding = 4; lastKnownFileType = text.xml; path = "8D1183C9-5459-4743-AA4D-DA1DC9D77DAA.codesnippet"; sourceTree = "<group>"; };
		1FCBFB371D968C2B00D2E18D /* 92FD9F33-15CE-4A09-8F75-3717DCF2382B.codesnippet */ = {isa = PBXFileReference; fileEncoding = 4; lastKnownFileType = text.xml; path = "92FD9F33-15CE-4A09-8F75-3717DCF2382B.codesnippet"; sourceTree = "<group>"; };
		1FCBFB381D968C2B00D2E18D /* 99B2D33E-3C4A-4739-BEE7-B554B4C21FE3.codesnippet */ = {isa = PBXFileReference; fileEncoding = 4; lastKnownFileType = text.xml; path = "99B2D33E-3C4A-4739-BEE7-B554B4C21FE3.codesnippet"; sourceTree = "<group>"; };
		1FCBFB391D968C2B00D2E18D /* 9CF3BA89-C191-43FC-ABFC-84DCAFDFEAC2.codesnippet */ = {isa = PBXFileReference; fileEncoding = 4; lastKnownFileType = text.xml; path = "9CF3BA89-C191-43FC-ABFC-84DCAFDFEAC2.codesnippet"; sourceTree = "<group>"; };
		1FCBFB3A1D968C2B00D2E18D /* 9F4E3E6E-6C6C-432D-947B-C0E492ABE8CF.codesnippet */ = {isa = PBXFileReference; fileEncoding = 4; lastKnownFileType = text.xml; path = "9F4E3E6E-6C6C-432D-947B-C0E492ABE8CF.codesnippet"; sourceTree = "<group>"; };
		1FCBFB3B1D968C2B00D2E18D /* A0652FEC-F239-4516-B780-9132AF7019E0.codesnippet */ = {isa = PBXFileReference; fileEncoding = 4; lastKnownFileType = text.xml; path = "A0652FEC-F239-4516-B780-9132AF7019E0.codesnippet"; sourceTree = "<group>"; };
		1FCBFB3C1D968C2B00D2E18D /* A0E0370F-4481-4AFD-9A98-94FA906E69AA.codesnippet */ = {isa = PBXFileReference; fileEncoding = 4; lastKnownFileType = text.xml; path = "A0E0370F-4481-4AFD-9A98-94FA906E69AA.codesnippet"; sourceTree = "<group>"; };
		1FCBFB3D1D968C2B00D2E18D /* A6132B69-0836-4EA2-9D8C-34F376E3AB9F.codesnippet */ = {isa = PBXFileReference; fileEncoding = 4; lastKnownFileType = text.xml; path = "A6132B69-0836-4EA2-9D8C-34F376E3AB9F.codesnippet"; sourceTree = "<group>"; };
		1FCBFB3E1D968C2B00D2E18D /* A902D087-3DE1-4D66-AF12-7F7120B510C1.codesnippet */ = {isa = PBXFileReference; fileEncoding = 4; lastKnownFileType = text.xml; path = "A902D087-3DE1-4D66-AF12-7F7120B510C1.codesnippet"; sourceTree = "<group>"; };
		1FCBFB3F1D968C2B00D2E18D /* AnimationWithBlocks.codesnippet */ = {isa = PBXFileReference; fileEncoding = 4; lastKnownFileType = text.xml; path = AnimationWithBlocks.codesnippet; sourceTree = "<group>"; };
		1FCBFB401D968C2B00D2E18D /* B558FFDA-7F17-4DDA-982D-69FCAF6CD393.codesnippet */ = {isa = PBXFileReference; fileEncoding = 4; lastKnownFileType = text.xml; path = "B558FFDA-7F17-4DDA-982D-69FCAF6CD393.codesnippet"; sourceTree = "<group>"; };
		1FCBFB411D968C2B00D2E18D /* BD1C42D4-7713-4FAD-BCD4-0A585FFE5665.codesnippet */ = {isa = PBXFileReference; fileEncoding = 4; lastKnownFileType = text.xml; path = "BD1C42D4-7713-4FAD-BCD4-0A585FFE5665.codesnippet"; sourceTree = "<group>"; };
		1FCBFB421D968C2B00D2E18D /* BD3717C2-2CA7-4416-9210-85A9F35C42C7.codesnippet */ = {isa = PBXFileReference; fileEncoding = 4; lastKnownFileType = text.xml; path = "BD3717C2-2CA7-4416-9210-85A9F35C42C7.codesnippet"; sourceTree = "<group>"; };
		1FCBFB431D968C2B00D2E18D /* BE07EFBF-2B67-43EB-87E2-D067FEBF5AAD.codesnippet */ = {isa = PBXFileReference; fileEncoding = 4; lastKnownFileType = text.xml; path = "BE07EFBF-2B67-43EB-87E2-D067FEBF5AAD.codesnippet"; sourceTree = "<group>"; };
		1FCBFB441D968C2B00D2E18D /* C3D5AF55-B7AB-4F45-A086-CD8827F32196.codesnippet */ = {isa = PBXFileReference; fileEncoding = 4; lastKnownFileType = text.xml; path = "C3D5AF55-B7AB-4F45-A086-CD8827F32196.codesnippet"; sourceTree = "<group>"; };
		1FCBFB451D968C2B00D2E18D /* C90DE11B-5771-443B-B5E5-BB35778EB331.codesnippet */ = {isa = PBXFileReference; fileEncoding = 4; lastKnownFileType = text.xml; path = "C90DE11B-5771-443B-B5E5-BB35778EB331.codesnippet"; sourceTree = "<group>"; };
		1FCBFB461D968C2B00D2E18D /* D592017B-78F6-4DD5-894E-E7ED6F5CC9A8.codesnippet */ = {isa = PBXFileReference; fileEncoding = 4; lastKnownFileType = text.xml; path = "D592017B-78F6-4DD5-894E-E7ED6F5CC9A8.codesnippet"; sourceTree = "<group>"; };
		1FCBFB471D968C2B00D2E18D /* DF96E6D4-2201-4ED1-9FDE-3C2A40349FFF.codesnippet */ = {isa = PBXFileReference; fileEncoding = 4; lastKnownFileType = text.xml; path = "DF96E6D4-2201-4ED1-9FDE-3C2A40349FFF.codesnippet"; sourceTree = "<group>"; };
		1FCBFB481D968C2B00D2E18D /* DFA2BA01-AA43-4D4D-BA32-81D3C1B8B373.codesnippet */ = {isa = PBXFileReference; fileEncoding = 4; lastKnownFileType = text.xml; path = "DFA2BA01-AA43-4D4D-BA32-81D3C1B8B373.codesnippet"; sourceTree = "<group>"; };
		1FCBFB491D968C2B00D2E18D /* E5C994C6-A89C-4DEC-B189-95C6EB9138EE.codesnippet */ = {isa = PBXFileReference; fileEncoding = 4; lastKnownFileType = text.xml; path = "E5C994C6-A89C-4DEC-B189-95C6EB9138EE.codesnippet"; sourceTree = "<group>"; };
		1FCBFB4A1D968C2B00D2E18D /* EB705466-BE1C-41A0-BD9E-D44988BC6B65.codesnippet */ = {isa = PBXFileReference; fileEncoding = 4; lastKnownFileType = text.xml; path = "EB705466-BE1C-41A0-BD9E-D44988BC6B65.codesnippet"; sourceTree = "<group>"; };
		1FCBFB4B1D968C2B00D2E18D /* EDB6E0E3-AEC0-408C-AA7B-E4553A9E5981.codesnippet */ = {isa = PBXFileReference; fileEncoding = 4; lastKnownFileType = text.xml; path = "EDB6E0E3-AEC0-408C-AA7B-E4553A9E5981.codesnippet"; sourceTree = "<group>"; };
		1FCBFB4C1D968C2B00D2E18D /* FD2C1A1B-032E-425F-B304-D3E3461BB242.codesnippet */ = {isa = PBXFileReference; fileEncoding = 4; lastKnownFileType = text.xml; path = "FD2C1A1B-032E-425F-B304-D3E3461BB242.codesnippet"; sourceTree = "<group>"; };
		1FCBFB4D1D968C2B00D2E18D /* FF7226F8-514C-4D38-8FB5-385486EC6743.codesnippet */ = {isa = PBXFileReference; fileEncoding = 4; lastKnownFileType = text.xml; path = "FF7226F8-514C-4D38-8FB5-385486EC6743.codesnippet"; sourceTree = "<group>"; };
		1FCBFB4E1D968C2B00D2E18D /* PrivateCategory.codesnippet */ = {isa = PBXFileReference; fileEncoding = 4; lastKnownFileType = text.xml; path = PrivateCategory.codesnippet; sourceTree = "<group>"; };
		1FCBFB4F1D968C2B00D2E18D /* ReleaseAndNil.codesnippet */ = {isa = PBXFileReference; fileEncoding = 4; lastKnownFileType = text.xml; path = ReleaseAndNil.codesnippet; sourceTree = "<group>"; };
		1FCBFB501D968C2B00D2E18D /* StringFormatter.codesnippet */ = {isa = PBXFileReference; fileEncoding = 4; lastKnownFileType = text.xml; path = StringFormatter.codesnippet; sourceTree = "<group>"; };
		1FD0B7B41D716E4600B7A6F2 /* AutoComplete.app */ = {isa = PBXFileReference; explicitFileType = wrapper.application; includeInIndex = 0; path = AutoComplete.app; sourceTree = BUILT_PRODUCTS_DIR; };
		1FD0B7B71D716E4600B7A6F2 /* AppDelegate.swift */ = {isa = PBXFileReference; lastKnownFileType = sourcecode.swift; path = AppDelegate.swift; sourceTree = "<group>"; };
		1FD0B7B91D716E4600B7A6F2 /* ViewController.swift */ = {isa = PBXFileReference; lastKnownFileType = sourcecode.swift; path = ViewController.swift; sourceTree = "<group>"; };
		1FD0B7BC1D716E4600B7A6F2 /* Base */ = {isa = PBXFileReference; lastKnownFileType = file.storyboard; name = Base; path = Base.lproj/Main.storyboard; sourceTree = "<group>"; };
		1FD0B7BE1D716E4600B7A6F2 /* Assets.xcassets */ = {isa = PBXFileReference; lastKnownFileType = folder.assetcatalog; path = Assets.xcassets; sourceTree = "<group>"; };
		1FD0B7C11D716E4600B7A6F2 /* Base */ = {isa = PBXFileReference; lastKnownFileType = file.storyboard; name = Base; path = Base.lproj/LaunchScreen.storyboard; sourceTree = "<group>"; };
		1FD0B7C31D716E4600B7A6F2 /* Info.plist */ = {isa = PBXFileReference; lastKnownFileType = text.plist.xml; path = Info.plist; sourceTree = "<group>"; };
		1FD0B7DA1D7172D500B7A6F2 /* Message.h */ = {isa = PBXFileReference; fileEncoding = 4; lastKnownFileType = sourcecode.c.h; path = Message.h; sourceTree = "<group>"; };
		1FD0B7DB1D7172D500B7A6F2 /* Message.m */ = {isa = PBXFileReference; fileEncoding = 4; lastKnownFileType = sourcecode.c.objc; path = Message.m; sourceTree = "<group>"; };
		1FD0B7DC1D7172D500B7A6F2 /* MessageTableViewCell.h */ = {isa = PBXFileReference; fileEncoding = 4; lastKnownFileType = sourcecode.c.h; path = MessageTableViewCell.h; sourceTree = "<group>"; };
		1FD0B7DD1D7172D500B7A6F2 /* MessageTableViewCell.m */ = {isa = PBXFileReference; fileEncoding = 4; lastKnownFileType = sourcecode.c.objc; path = MessageTableViewCell.m; sourceTree = "<group>"; };
		1FD0B7DE1D7172D500B7A6F2 /* MessageTextView.h */ = {isa = PBXFileReference; fileEncoding = 4; lastKnownFileType = sourcecode.c.h; path = MessageTextView.h; sourceTree = "<group>"; };
		1FD0B7DF1D7172D500B7A6F2 /* MessageTextView.m */ = {isa = PBXFileReference; fileEncoding = 4; lastKnownFileType = sourcecode.c.objc; path = MessageTextView.m; sourceTree = "<group>"; };
		1FD0B7E21D7172D500B7A6F2 /* TypingIndicatorView.h */ = {isa = PBXFileReference; fileEncoding = 4; lastKnownFileType = sourcecode.c.h; path = TypingIndicatorView.h; sourceTree = "<group>"; };
		1FD0B7E31D7172D500B7A6F2 /* TypingIndicatorView.m */ = {isa = PBXFileReference; fileEncoding = 4; lastKnownFileType = sourcecode.c.objc; path = TypingIndicatorView.m; sourceTree = "<group>"; };
		1FD0B7F01D7173C100B7A6F2 /* AutoComplete-Bridging-Header.h */ = {isa = PBXFileReference; fileEncoding = 4; lastKnownFileType = sourcecode.c.h; path = "AutoComplete-Bridging-Header.h"; sourceTree = "<group>"; };
		1FF0A0A51D79F0A300B9F481 /* LocationManager.swift */ = {isa = PBXFileReference; fileEncoding = 4; lastKnownFileType = sourcecode.swift; path = LocationManager.swift; sourceTree = "<group>"; };
		1FFE89061D71A3D0004AEAC2 /* CustomLayoutManager.h */ = {isa = PBXFileReference; fileEncoding = 4; lastKnownFileType = sourcecode.c.h; path = CustomLayoutManager.h; sourceTree = "<group>"; };
		1FFE89071D71A3D0004AEAC2 /* CustomLayoutManager.m */ = {isa = PBXFileReference; fileEncoding = 4; lastKnownFileType = sourcecode.c.objc; path = CustomLayoutManager.m; sourceTree = "<group>"; };
		1FFE89081D71A3D0004AEAC2 /* InlineTextAttachment.h */ = {isa = PBXFileReference; fileEncoding = 4; lastKnownFileType = sourcecode.c.h; path = InlineTextAttachment.h; sourceTree = "<group>"; };
		1FFE89091D71A3D0004AEAC2 /* InlineTextAttachment.m */ = {isa = PBXFileReference; fileEncoding = 4; lastKnownFileType = sourcecode.c.objc; path = InlineTextAttachment.m; sourceTree = "<group>"; };
		1FFE890A1D71A3D0004AEAC2 /* NSAttributedString+Processing.h */ = {isa = PBXFileReference; fileEncoding = 4; lastKnownFileType = sourcecode.c.h; path = "NSAttributedString+Processing.h"; sourceTree = "<group>"; };
		1FFE890B1D71A3D0004AEAC2 /* NSAttributedString+Processing.m */ = {isa = PBXFileReference; fileEncoding = 4; lastKnownFileType = sourcecode.c.objc; path = "NSAttributedString+Processing.m"; sourceTree = "<group>"; };
		1FFE890C1D71A3D0004AEAC2 /* NSMutableAttributedString+BoundChecker.h */ = {isa = PBXFileReference; fileEncoding = 4; lastKnownFileType = sourcecode.c.h; path = "NSMutableAttributedString+BoundChecker.h"; sourceTree = "<group>"; };
		1FFE890D1D71A3D0004AEAC2 /* NSMutableAttributedString+BoundChecker.m */ = {isa = PBXFileReference; fileEncoding = 4; lastKnownFileType = sourcecode.c.objc; path = "NSMutableAttributedString+BoundChecker.m"; sourceTree = "<group>"; };
		1FFE890E1D71A3D0004AEAC2 /* PatternDescriptor.h */ = {isa = PBXFileReference; fileEncoding = 4; lastKnownFileType = sourcecode.c.h; path = PatternDescriptor.h; sourceTree = "<group>"; };
		1FFE890F1D71A3D0004AEAC2 /* PatternDescriptor.m */ = {isa = PBXFileReference; fileEncoding = 4; lastKnownFileType = sourcecode.c.objc; path = PatternDescriptor.m; sourceTree = "<group>"; };
		1FFE89101D71A3D0004AEAC2 /* ResponsiveLabel.h */ = {isa = PBXFileReference; fileEncoding = 4; lastKnownFileType = sourcecode.c.h; path = ResponsiveLabel.h; sourceTree = "<group>"; };
		1FFE89111D71A3D0004AEAC2 /* ResponsiveLabel.m */ = {isa = PBXFileReference; fileEncoding = 4; lastKnownFileType = sourcecode.c.objc; path = ResponsiveLabel.m; sourceTree = "<group>"; };
		66AD18B79E6A6D1A3608034A /* Pods_AutoComplete.framework */ = {isa = PBXFileReference; explicitFileType = wrapper.framework; includeInIndex = 0; path = Pods_AutoComplete.framework; sourceTree = BUILT_PRODUCTS_DIR; };
		A9275FB54C2B26DE64AFE64A /* Pods-AutoComplete.release.xcconfig */ = {isa = PBXFileReference; includeInIndex = 1; lastKnownFileType = text.xcconfig; name = "Pods-AutoComplete.release.xcconfig"; path = "Pods/Target Support Files/Pods-AutoComplete/Pods-AutoComplete.release.xcconfig"; sourceTree = "<group>"; };
/* End PBXFileReference section */

/* Begin PBXFrameworksBuildPhase section */
		1FD0B7B11D716E4600B7A6F2 /* Frameworks */ = {
			isa = PBXFrameworksBuildPhase;
			buildActionMask = 2147483647;
			files = (
				17156FFC1C5A4FC10522F5A7 /* Pods_AutoComplete.framework in Frameworks */,
			);
			runOnlyForDeploymentPostprocessing = 0;
		};
/* End PBXFrameworksBuildPhase section */

/* Begin PBXGroup section */
		1FCBFB1D1D968C2B00D2E18D /* CodeSnippets */ = {
			isa = PBXGroup;
			children = (
				1FCBFB1E1D968C2B00D2E18D /* 04211CEE-8E89-4BE2-B290-1C1916FB99BB.codesnippet */,
				1FCBFB1F1D968C2B00D2E18D /* 0C5F991E-7FFA-4E91-91A6-7A7D54F16E50.codesnippet */,
				1FCBFB201D968C2B00D2E18D /* 0D37C17E-D7C6-490C-8696-93DDE73F7A3F.codesnippet */,
				1FCBFB211D968C2B00D2E18D /* 131D8707-9928-4E60-8B94-E0C37BA65C03.codesnippet */,
				1FCBFB221D968C2B00D2E18D /* 23D4531B-5051-4F50-A19C-075FD9A19E35.codesnippet */,
				1FCBFB231D968C2B00D2E18D /* 26C0E131-2EDC-48DF-9227-F62842BE8DA8.codesnippet */,
				1FCBFB241D968C2B00D2E18D /* 2E9BA0DC-121C-4619-88FB-AC00DEF0E770.codesnippet */,
				1FCBFB251D968C2B00D2E18D /* 36C20B7A-CAB3-441B-A33C-D9A6618A14FE.codesnippet */,
				1FCBFB261D968C2B00D2E18D /* 3DE9B01D-3975-4AEF-BCF8-666C102BE8FA.codesnippet */,
				1FCBFB271D968C2B00D2E18D /* 49FE8365-D9C5-4DBD-8D69-CB00D37E6CB6.codesnippet */,
				1FCBFB281D968C2B00D2E18D /* 4AD55C26-0D5B-43C1-BDB0-80F9E08062F8.codesnippet */,
				1FCBFB291D968C2B00D2E18D /* 4EF577F1-577B-439E-8F6F-682B78DBF9D9.codesnippet */,
				1FCBFB2A1D968C2B00D2E18D /* 51DC9209-9458-4652-BD93-96C5C54443CE.codesnippet */,
				1FCBFB2B1D968C2B00D2E18D /* 52B02295-5363-4109-A7C0-1C98767CDC4A.codesnippet */,
				1FCBFB2C1D968C2B00D2E18D /* 57C58C81-0A3E-438C-9CA3-5902DF2B2099.codesnippet */,
				1FCBFB2D1D968C2B00D2E18D /* 581D135F-16F1-4E25-A6BD-04561123B841.codesnippet */,
				1FCBFB2E1D968C2B00D2E18D /* 5C55C664-D674-4618-81EE-4B5736EFB273.codesnippet */,
				1FCBFB2F1D968C2B00D2E18D /* 6A292242-7918-424F-8613-611BE975D450.codesnippet */,
				1FCBFB301D968C2B00D2E18D /* 6F5974DC-8352-47A4-B4B9-EA4A0AB7D3B1.codesnippet */,
				1FCBFB311D968C2B00D2E18D /* 711F678F-ECA0-4677-82FE-CF080F26FA1C.codesnippet */,
				1FCBFB321D968C2B00D2E18D /* 714CE82A-2F9B-42FD-8627-C9197FE30024.codesnippet */,
				1FCBFB331D968C2B00D2E18D /* 7976BDF6-FF9A-4841-AF9C-BB9243681396.codesnippet */,
				1FCBFB341D968C2B00D2E18D /* 7D2A8296-3744-40FB-8F4D-1D9BB4CC5F5F.codesnippet */,
				1FCBFB351D968C2B00D2E18D /* 8826EC61-9F50-4A2D-A2A6-00961AE39195.codesnippet */,
				1FCBFB361D968C2B00D2E18D /* 8D1183C9-5459-4743-AA4D-DA1DC9D77DAA.codesnippet */,
				1FCBFB371D968C2B00D2E18D /* 92FD9F33-15CE-4A09-8F75-3717DCF2382B.codesnippet */,
				1FCBFB381D968C2B00D2E18D /* 99B2D33E-3C4A-4739-BEE7-B554B4C21FE3.codesnippet */,
				1FCBFB391D968C2B00D2E18D /* 9CF3BA89-C191-43FC-ABFC-84DCAFDFEAC2.codesnippet */,
				1FCBFB3A1D968C2B00D2E18D /* 9F4E3E6E-6C6C-432D-947B-C0E492ABE8CF.codesnippet */,
				1FCBFB3B1D968C2B00D2E18D /* A0652FEC-F239-4516-B780-9132AF7019E0.codesnippet */,
				1FCBFB3C1D968C2B00D2E18D /* A0E0370F-4481-4AFD-9A98-94FA906E69AA.codesnippet */,
				1FCBFB3D1D968C2B00D2E18D /* A6132B69-0836-4EA2-9D8C-34F376E3AB9F.codesnippet */,
				1FCBFB3E1D968C2B00D2E18D /* A902D087-3DE1-4D66-AF12-7F7120B510C1.codesnippet */,
				1FCBFB3F1D968C2B00D2E18D /* AnimationWithBlocks.codesnippet */,
				1FCBFB401D968C2B00D2E18D /* B558FFDA-7F17-4DDA-982D-69FCAF6CD393.codesnippet */,
				1FCBFB411D968C2B00D2E18D /* BD1C42D4-7713-4FAD-BCD4-0A585FFE5665.codesnippet */,
				1FCBFB421D968C2B00D2E18D /* BD3717C2-2CA7-4416-9210-85A9F35C42C7.codesnippet */,
				1FCBFB431D968C2B00D2E18D /* BE07EFBF-2B67-43EB-87E2-D067FEBF5AAD.codesnippet */,
				1FCBFB441D968C2B00D2E18D /* C3D5AF55-B7AB-4F45-A086-CD8827F32196.codesnippet */,
				1FCBFB451D968C2B00D2E18D /* C90DE11B-5771-443B-B5E5-BB35778EB331.codesnippet */,
				1FCBFB461D968C2B00D2E18D /* D592017B-78F6-4DD5-894E-E7ED6F5CC9A8.codesnippet */,
				1FCBFB471D968C2B00D2E18D /* DF96E6D4-2201-4ED1-9FDE-3C2A40349FFF.codesnippet */,
				1FCBFB481D968C2B00D2E18D /* DFA2BA01-AA43-4D4D-BA32-81D3C1B8B373.codesnippet */,
				1FCBFB491D968C2B00D2E18D /* E5C994C6-A89C-4DEC-B189-95C6EB9138EE.codesnippet */,
				1FCBFB4A1D968C2B00D2E18D /* EB705466-BE1C-41A0-BD9E-D44988BC6B65.codesnippet */,
				1FCBFB4B1D968C2B00D2E18D /* EDB6E0E3-AEC0-408C-AA7B-E4553A9E5981.codesnippet */,
				1FCBFB4C1D968C2B00D2E18D /* FD2C1A1B-032E-425F-B304-D3E3461BB242.codesnippet */,
				1FCBFB4D1D968C2B00D2E18D /* FF7226F8-514C-4D38-8FB5-385486EC6743.codesnippet */,
				1FCBFB4E1D968C2B00D2E18D /* PrivateCategory.codesnippet */,
				1FCBFB4F1D968C2B00D2E18D /* ReleaseAndNil.codesnippet */,
				1FCBFB501D968C2B00D2E18D /* StringFormatter.codesnippet */,
			);
			path = CodeSnippets;
			sourceTree = "<group>";
		};
		1FD0B7AB1D716E4600B7A6F2 = {
			isa = PBXGroup;
			children = (
				1FCBFB1D1D968C2B00D2E18D /* CodeSnippets */,
				1FD0B7B61D716E4600B7A6F2 /* AutoComplete */,
				1FD0B7B51D716E4600B7A6F2 /* Products */,
				4595E640BA99DE6362704C60 /* Pods */,
				499D9CE7CB1085CEEA483CBC /* Frameworks */,
			);
			sourceTree = "<group>";
		};
		1FD0B7B51D716E4600B7A6F2 /* Products */ = {
			isa = PBXGroup;
			children = (
				1FD0B7B41D716E4600B7A6F2 /* AutoComplete.app */,
			);
			name = Products;
			sourceTree = "<group>";
		};
		1FD0B7B61D716E4600B7A6F2 /* AutoComplete */ = {
			isa = PBXGroup;
			children = (
				1FF0A0A51D79F0A300B9F481 /* LocationManager.swift */,
				1FD0B7D91D7172D500B7A6F2 /* Framework */,
				1FD0B7B71D716E4600B7A6F2 /* AppDelegate.swift */,
				1FD0B7B91D716E4600B7A6F2 /* ViewController.swift */,
				1FD0B7BB1D716E4600B7A6F2 /* Main.storyboard */,
				1FD0B7BE1D716E4600B7A6F2 /* Assets.xcassets */,
				1FD0B7C01D716E4600B7A6F2 /* LaunchScreen.storyboard */,
				1FD0B7C31D716E4600B7A6F2 /* Info.plist */,
				1FD0B7F01D7173C100B7A6F2 /* AutoComplete-Bridging-Header.h */,
			);
			path = AutoComplete;
			sourceTree = "<group>";
		};
		1FD0B7D91D7172D500B7A6F2 /* Framework */ = {
			isa = PBXGroup;
			children = (
				1FFE89061D71A3D0004AEAC2 /* CustomLayoutManager.h */,
				1FFE89071D71A3D0004AEAC2 /* CustomLayoutManager.m */,
				1FFE89081D71A3D0004AEAC2 /* InlineTextAttachment.h */,
				1FFE89091D71A3D0004AEAC2 /* InlineTextAttachment.m */,
				1FFE890A1D71A3D0004AEAC2 /* NSAttributedString+Processing.h */,
				1FFE890B1D71A3D0004AEAC2 /* NSAttributedString+Processing.m */,
				1FFE890C1D71A3D0004AEAC2 /* NSMutableAttributedString+BoundChecker.h */,
				1FFE890D1D71A3D0004AEAC2 /* NSMutableAttributedString+BoundChecker.m */,
				1FFE890E1D71A3D0004AEAC2 /* PatternDescriptor.h */,
				1FFE890F1D71A3D0004AEAC2 /* PatternDescriptor.m */,
				1FFE89101D71A3D0004AEAC2 /* ResponsiveLabel.h */,
				1FFE89111D71A3D0004AEAC2 /* ResponsiveLabel.m */,
				1FD0B7DA1D7172D500B7A6F2 /* Message.h */,
				1FD0B7DB1D7172D500B7A6F2 /* Message.m */,
				1FD0B7DC1D7172D500B7A6F2 /* MessageTableViewCell.h */,
				1FD0B7DD1D7172D500B7A6F2 /* MessageTableViewCell.m */,
				1FD0B7DE1D7172D500B7A6F2 /* MessageTextView.h */,
				1FD0B7DF1D7172D500B7A6F2 /* MessageTextView.m */,
				1FD0B7E21D7172D500B7A6F2 /* TypingIndicatorView.h */,
				1FD0B7E31D7172D500B7A6F2 /* TypingIndicatorView.m */,
			);
			path = Framework;
			sourceTree = "<group>";
		};
		4595E640BA99DE6362704C60 /* Pods */ = {
			isa = PBXGroup;
			children = (
				186A66EF25242E538D314146 /* Pods-AutoComplete.debug.xcconfig */,
				A9275FB54C2B26DE64AFE64A /* Pods-AutoComplete.release.xcconfig */,
			);
			name = Pods;
			sourceTree = "<group>";
		};
		499D9CE7CB1085CEEA483CBC /* Frameworks */ = {
			isa = PBXGroup;
			children = (
				66AD18B79E6A6D1A3608034A /* Pods_AutoComplete.framework */,
			);
			name = Frameworks;
			sourceTree = "<group>";
		};
/* End PBXGroup section */

/* Begin PBXNativeTarget section */
		1FD0B7B31D716E4600B7A6F2 /* AutoComplete */ = {
			isa = PBXNativeTarget;
			buildConfigurationList = 1FD0B7C61D716E4600B7A6F2 /* Build configuration list for PBXNativeTarget "AutoComplete" */;
			buildPhases = (
				32F08948D783CE60CBC79197 /* Check Pods Manifest.lock */,
				1FD0B7B01D716E4600B7A6F2 /* Sources */,
				1FD0B7B11D716E4600B7A6F2 /* Frameworks */,
				1FD0B7B21D716E4600B7A6F2 /* Resources */,
				ED3A0F4966570E17488FF3C4 /* Embed Pods Frameworks */,
				6016DADD502DF013E5FED293 /* Copy Pods Resources */,
			);
			buildRules = (
			);
			dependencies = (
			);
			name = AutoComplete;
			productName = AutoComplete;
			productReference = 1FD0B7B41D716E4600B7A6F2 /* AutoComplete.app */;
			productType = "com.apple.product-type.application";
		};
/* End PBXNativeTarget section */

/* Begin PBXProject section */
		1FD0B7AC1D716E4600B7A6F2 /* Project object */ = {
			isa = PBXProject;
			attributes = {
				LastSwiftUpdateCheck = 0730;
				LastUpgradeCheck = 0730;
				ORGANIZATIONNAME = dharmesh;
				TargetAttributes = {
					1FD0B7B31D716E4600B7A6F2 = {
						CreatedOnToolsVersion = 7.3;
					};
				};
			};
			buildConfigurationList = 1FD0B7AF1D716E4600B7A6F2 /* Build configuration list for PBXProject "AutoComplete" */;
			compatibilityVersion = "Xcode 3.2";
			developmentRegion = English;
			hasScannedForEncodings = 0;
			knownRegions = (
				en,
				Base,
			);
			mainGroup = 1FD0B7AB1D716E4600B7A6F2;
			productRefGroup = 1FD0B7B51D716E4600B7A6F2 /* Products */;
			projectDirPath = "";
			projectRoot = "";
			targets = (
				1FD0B7B31D716E4600B7A6F2 /* AutoComplete */,
			);
		};
/* End PBXProject section */

/* Begin PBXResourcesBuildPhase section */
		1FD0B7B21D716E4600B7A6F2 /* Resources */ = {
			isa = PBXResourcesBuildPhase;
			buildActionMask = 2147483647;
			files = (
				1FCBFB611D968C2B00D2E18D /* 5C55C664-D674-4618-81EE-4B5736EFB273.codesnippet in Resources */,
				1FCBFB7B1D968C2B00D2E18D /* DFA2BA01-AA43-4D4D-BA32-81D3C1B8B373.codesnippet in Resources */,
				1FCBFB7E1D968C2B00D2E18D /* EDB6E0E3-AEC0-408C-AA7B-E4553A9E5981.codesnippet in Resources */,
				1FCBFB801D968C2B00D2E18D /* FF7226F8-514C-4D38-8FB5-385486EC6743.codesnippet in Resources */,
				1FCBFB511D968C2B00D2E18D /* 04211CEE-8E89-4BE2-B290-1C1916FB99BB.codesnippet in Resources */,
				1FCBFB561D968C2B00D2E18D /* 26C0E131-2EDC-48DF-9227-F62842BE8DA8.codesnippet in Resources */,
				1FCBFB621D968C2B00D2E18D /* 6A292242-7918-424F-8613-611BE975D450.codesnippet in Resources */,
				1FCBFB7D1D968C2B00D2E18D /* EB705466-BE1C-41A0-BD9E-D44988BC6B65.codesnippet in Resources */,
				1FCBFB581D968C2B00D2E18D /* 36C20B7A-CAB3-441B-A33C-D9A6618A14FE.codesnippet in Resources */,
				1FCBFB5F1D968C2B00D2E18D /* 57C58C81-0A3E-438C-9CA3-5902DF2B2099.codesnippet in Resources */,
				1FCBFB7A1D968C2B00D2E18D /* DF96E6D4-2201-4ED1-9FDE-3C2A40349FFF.codesnippet in Resources */,
				1FCBFB531D968C2B00D2E18D /* 0D37C17E-D7C6-490C-8696-93DDE73F7A3F.codesnippet in Resources */,
				1FCBFB5D1D968C2B00D2E18D /* 51DC9209-9458-4652-BD93-96C5C54443CE.codesnippet in Resources */,
				1FD0B7C21D716E4600B7A6F2 /* LaunchScreen.storyboard in Resources */,
				1FCBFB5C1D968C2B00D2E18D /* 4EF577F1-577B-439E-8F6F-682B78DBF9D9.codesnippet in Resources */,
				1FCBFB791D968C2B00D2E18D /* D592017B-78F6-4DD5-894E-E7ED6F5CC9A8.codesnippet in Resources */,
				1FCBFB601D968C2B00D2E18D /* 581D135F-16F1-4E25-A6BD-04561123B841.codesnippet in Resources */,
				1FD0B7BF1D716E4600B7A6F2 /* Assets.xcassets in Resources */,
				1FCBFB6F1D968C2B00D2E18D /* A0E0370F-4481-4AFD-9A98-94FA906E69AA.codesnippet in Resources */,
				1FCBFB711D968C2B00D2E18D /* A902D087-3DE1-4D66-AF12-7F7120B510C1.codesnippet in Resources */,
				1FCBFB6A1D968C2B00D2E18D /* 92FD9F33-15CE-4A09-8F75-3717DCF2382B.codesnippet in Resources */,
				1FCBFB5E1D968C2B00D2E18D /* 52B02295-5363-4109-A7C0-1C98767CDC4A.codesnippet in Resources */,
				1FCBFB5A1D968C2B00D2E18D /* 49FE8365-D9C5-4DBD-8D69-CB00D37E6CB6.codesnippet in Resources */,
				1FCBFB541D968C2B00D2E18D /* 131D8707-9928-4E60-8B94-E0C37BA65C03.codesnippet in Resources */,
				1FCBFB6E1D968C2B00D2E18D /* A0652FEC-F239-4516-B780-9132AF7019E0.codesnippet in Resources */,
				1FCBFB6D1D968C2B00D2E18D /* 9F4E3E6E-6C6C-432D-947B-C0E492ABE8CF.codesnippet in Resources */,
				1FCBFB6B1D968C2B00D2E18D /* 99B2D33E-3C4A-4739-BEE7-B554B4C21FE3.codesnippet in Resources */,
				1FCBFB681D968C2B00D2E18D /* 8826EC61-9F50-4A2D-A2A6-00961AE39195.codesnippet in Resources */,
				1FD0B7BD1D716E4600B7A6F2 /* Main.storyboard in Resources */,
				1FCBFB631D968C2B00D2E18D /* 6F5974DC-8352-47A4-B4B9-EA4A0AB7D3B1.codesnippet in Resources */,
				1FCBFB701D968C2B00D2E18D /* A6132B69-0836-4EA2-9D8C-34F376E3AB9F.codesnippet in Resources */,
				1FCBFB7F1D968C2B00D2E18D /* FD2C1A1B-032E-425F-B304-D3E3461BB242.codesnippet in Resources */,
				1FCBFB521D968C2B00D2E18D /* 0C5F991E-7FFA-4E91-91A6-7A7D54F16E50.codesnippet in Resources */,
				1FCBFB651D968C2B00D2E18D /* 714CE82A-2F9B-42FD-8627-C9197FE30024.codesnippet in Resources */,
				1FCBFB641D968C2B00D2E18D /* 711F678F-ECA0-4677-82FE-CF080F26FA1C.codesnippet in Resources */,
				1FCBFB5B1D968C2B00D2E18D /* 4AD55C26-0D5B-43C1-BDB0-80F9E08062F8.codesnippet in Resources */,
				1FCBFB811D968C2B00D2E18D /* PrivateCategory.codesnippet in Resources */,
				1FCBFB751D968C2B00D2E18D /* BD3717C2-2CA7-4416-9210-85A9F35C42C7.codesnippet in Resources */,
				1FCBFB691D968C2B00D2E18D /* 8D1183C9-5459-4743-AA4D-DA1DC9D77DAA.codesnippet in Resources */,
				1FCBFB591D968C2B00D2E18D /* 3DE9B01D-3975-4AEF-BCF8-666C102BE8FA.codesnippet in Resources */,
				1FCBFB731D968C2B00D2E18D /* B558FFDA-7F17-4DDA-982D-69FCAF6CD393.codesnippet in Resources */,
				1FCBFB781D968C2B00D2E18D /* C90DE11B-5771-443B-B5E5-BB35778EB331.codesnippet in Resources */,
				1FCBFB551D968C2B00D2E18D /* 23D4531B-5051-4F50-A19C-075FD9A19E35.codesnippet in Resources */,
				1FCBFB821D968C2B00D2E18D /* ReleaseAndNil.codesnippet in Resources */,
				1FCBFB831D968C2B00D2E18D /* StringFormatter.codesnippet in Resources */,
				1FCBFB671D968C2B00D2E18D /* 7D2A8296-3744-40FB-8F4D-1D9BB4CC5F5F.codesnippet in Resources */,
				1FCBFB771D968C2B00D2E18D /* C3D5AF55-B7AB-4F45-A086-CD8827F32196.codesnippet in Resources */,
				1FCBFB6C1D968C2B00D2E18D /* 9CF3BA89-C191-43FC-ABFC-84DCAFDFEAC2.codesnippet in Resources */,
				1FCBFB741D968C2B00D2E18D /* BD1C42D4-7713-4FAD-BCD4-0A585FFE5665.codesnippet in Resources */,
				1FCBFB571D968C2B00D2E18D /* 2E9BA0DC-121C-4619-88FB-AC00DEF0E770.codesnippet in Resources */,
				1FCBFB721D968C2B00D2E18D /* AnimationWithBlocks.codesnippet in Resources */,
				1FCBFB761D968C2B00D2E18D /* BE07EFBF-2B67-43EB-87E2-D067FEBF5AAD.codesnippet in Resources */,
				1FCBFB7C1D968C2B00D2E18D /* E5C994C6-A89C-4DEC-B189-95C6EB9138EE.codesnippet in Resources */,
				1FCBFB661D968C2B00D2E18D /* 7976BDF6-FF9A-4841-AF9C-BB9243681396.codesnippet in Resources */,
			);
			runOnlyForDeploymentPostprocessing = 0;
		};
/* End PBXResourcesBuildPhase section */

/* Begin PBXShellScriptBuildPhase section */
		32F08948D783CE60CBC79197 /* Check Pods Manifest.lock */ = {
			isa = PBXShellScriptBuildPhase;
			buildActionMask = 2147483647;
			files = (
			);
			inputPaths = (
			);
			name = "Check Pods Manifest.lock";
			outputPaths = (
			);
			runOnlyForDeploymentPostprocessing = 0;
			shellPath = /bin/sh;
			shellScript = "diff \"${PODS_ROOT}/../Podfile.lock\" \"${PODS_ROOT}/Manifest.lock\" > /dev/null\nif [[ $? != 0 ]] ; then\n    cat << EOM\nerror: The sandbox is not in sync with the Podfile.lock. Run 'pod install' or update your CocoaPods installation.\nEOM\n    exit 1\nfi\n";
			showEnvVarsInLog = 0;
		};
		6016DADD502DF013E5FED293 /* Copy Pods Resources */ = {
			isa = PBXShellScriptBuildPhase;
			buildActionMask = 2147483647;
			files = (
			);
			inputPaths = (
			);
			name = "Copy Pods Resources";
			outputPaths = (
			);
			runOnlyForDeploymentPostprocessing = 0;
			shellPath = /bin/sh;
			shellScript = "\"${SRCROOT}/Pods/Target Support Files/Pods-AutoComplete/Pods-AutoComplete-resources.sh\"\n";
			showEnvVarsInLog = 0;
		};
		ED3A0F4966570E17488FF3C4 /* Embed Pods Frameworks */ = {
			isa = PBXShellScriptBuildPhase;
			buildActionMask = 2147483647;
			files = (
			);
			inputPaths = (
			);
			name = "Embed Pods Frameworks";
			outputPaths = (
			);
			runOnlyForDeploymentPostprocessing = 0;
			shellPath = /bin/sh;
			shellScript = "\"${SRCROOT}/Pods/Target Support Files/Pods-AutoComplete/Pods-AutoComplete-frameworks.sh\"\n";
			showEnvVarsInLog = 0;
		};
/* End PBXShellScriptBuildPhase section */

/* Begin PBXSourcesBuildPhase section */
		1FD0B7B01D716E4600B7A6F2 /* Sources */ = {
			isa = PBXSourcesBuildPhase;
			buildActionMask = 2147483647;
			files = (
				1FD0B7E61D7172D500B7A6F2 /* MessageTextView.m in Sources */,
				1FFE89151D71A3D0004AEAC2 /* NSMutableAttributedString+BoundChecker.m in Sources */,
				1FD0B7BA1D716E4600B7A6F2 /* ViewController.swift in Sources */,
				1FD0B7E51D7172D500B7A6F2 /* MessageTableViewCell.m in Sources */,
				1FD0B7E81D7172D500B7A6F2 /* TypingIndicatorView.m in Sources */,
				1FD0B7E41D7172D500B7A6F2 /* Message.m in Sources */,
				1FFE89141D71A3D0004AEAC2 /* NSAttributedString+Processing.m in Sources */,
				1FD0B7B81D716E4600B7A6F2 /* AppDelegate.swift in Sources */,
				1FFE89131D71A3D0004AEAC2 /* InlineTextAttachment.m in Sources */,
				1FFE89161D71A3D0004AEAC2 /* PatternDescriptor.m in Sources */,
				1FFE89171D71A3D0004AEAC2 /* ResponsiveLabel.m in Sources */,
				1FFE89121D71A3D0004AEAC2 /* CustomLayoutManager.m in Sources */,
				1FF0A0A61D79F0A300B9F481 /* LocationManager.swift in Sources */,
			);
			runOnlyForDeploymentPostprocessing = 0;
		};
/* End PBXSourcesBuildPhase section */

/* Begin PBXVariantGroup section */
		1FD0B7BB1D716E4600B7A6F2 /* Main.storyboard */ = {
			isa = PBXVariantGroup;
			children = (
				1FD0B7BC1D716E4600B7A6F2 /* Base */,
			);
			name = Main.storyboard;
			sourceTree = "<group>";
		};
		1FD0B7C01D716E4600B7A6F2 /* LaunchScreen.storyboard */ = {
			isa = PBXVariantGroup;
			children = (
				1FD0B7C11D716E4600B7A6F2 /* Base */,
			);
			name = LaunchScreen.storyboard;
			sourceTree = "<group>";
		};
/* End PBXVariantGroup section */

/* Begin XCBuildConfiguration section */
		1FD0B7C41D716E4600B7A6F2 /* Debug */ = {
			isa = XCBuildConfiguration;
			buildSettings = {
				ALWAYS_SEARCH_USER_PATHS = NO;
				CLANG_ANALYZER_NONNULL = YES;
				CLANG_CXX_LANGUAGE_STANDARD = "gnu++0x";
				CLANG_CXX_LIBRARY = "libc++";
				CLANG_ENABLE_MODULES = YES;
				CLANG_ENABLE_OBJC_ARC = YES;
				CLANG_WARN_BOOL_CONVERSION = YES;
				CLANG_WARN_CONSTANT_CONVERSION = YES;
				CLANG_WARN_DIRECT_OBJC_ISA_USAGE = YES_ERROR;
				CLANG_WARN_EMPTY_BODY = YES;
				CLANG_WARN_ENUM_CONVERSION = YES;
				CLANG_WARN_INT_CONVERSION = YES;
				CLANG_WARN_OBJC_ROOT_CLASS = YES_ERROR;
				CLANG_WARN_UNREACHABLE_CODE = YES;
				CLANG_WARN__DUPLICATE_METHOD_MATCH = YES;
				CODE_SIGN_IDENTITY = "iPhone Developer: Michael Morancie Jr (H7RVXSMP65)";
				"CODE_SIGN_IDENTITY[sdk=iphoneos*]" = "iPhone Developer: Michael Morancie Jr (H7RVXSMP65)";
				COPY_PHASE_STRIP = NO;
				DEBUG_INFORMATION_FORMAT = dwarf;
				ENABLE_STRICT_OBJC_MSGSEND = YES;
				ENABLE_TESTABILITY = YES;
				GCC_C_LANGUAGE_STANDARD = gnu99;
				GCC_DYNAMIC_NO_PIC = NO;
				GCC_NO_COMMON_BLOCKS = YES;
				GCC_OPTIMIZATION_LEVEL = 0;
				GCC_PREPROCESSOR_DEFINITIONS = (
					"DEBUG=1",
					"$(inherited)",
				);
				GCC_WARN_64_TO_32_BIT_CONVERSION = YES;
				GCC_WARN_ABOUT_RETURN_TYPE = YES_ERROR;
				GCC_WARN_UNDECLARED_SELECTOR = YES;
				GCC_WARN_UNINITIALIZED_AUTOS = YES_AGGRESSIVE;
				GCC_WARN_UNUSED_FUNCTION = YES;
				GCC_WARN_UNUSED_VARIABLE = YES;
				IPHONEOS_DEPLOYMENT_TARGET = 7.0;
				MTL_ENABLE_DEBUG_INFO = YES;
				ONLY_ACTIVE_ARCH = YES;
				PROVISIONING_PROFILE = "f85308be-f114-49d4-9910-148227e84fe4";
				SDKROOT = iphoneos;
				SWIFT_OPTIMIZATION_LEVEL = "-Onone";
			};
			name = Debug;
		};
		1FD0B7C51D716E4600B7A6F2 /* Release */ = {
			isa = XCBuildConfiguration;
			buildSettings = {
				ALWAYS_SEARCH_USER_PATHS = NO;
				CLANG_ANALYZER_NONNULL = YES;
				CLANG_CXX_LANGUAGE_STANDARD = "gnu++0x";
				CLANG_CXX_LIBRARY = "libc++";
				CLANG_ENABLE_MODULES = YES;
				CLANG_ENABLE_OBJC_ARC = YES;
				CLANG_WARN_BOOL_CONVERSION = YES;
				CLANG_WARN_CONSTANT_CONVERSION = YES;
				CLANG_WARN_DIRECT_OBJC_ISA_USAGE = YES_ERROR;
				CLANG_WARN_EMPTY_BODY = YES;
				CLANG_WARN_ENUM_CONVERSION = YES;
				CLANG_WARN_INT_CONVERSION = YES;
				CLANG_WARN_OBJC_ROOT_CLASS = YES_ERROR;
				CLANG_WARN_UNREACHABLE_CODE = YES;
				CLANG_WARN__DUPLICATE_METHOD_MATCH = YES;
				CODE_SIGN_IDENTITY = "iPhone Developer: Michael Morancie Jr (H7RVXSMP65)";
				"CODE_SIGN_IDENTITY[sdk=iphoneos*]" = "iPhone Developer: Michael Morancie Jr (H7RVXSMP65)";
				COPY_PHASE_STRIP = NO;
				DEBUG_INFORMATION_FORMAT = "dwarf-with-dsym";
				ENABLE_NS_ASSERTIONS = NO;
				ENABLE_STRICT_OBJC_MSGSEND = YES;
				GCC_C_LANGUAGE_STANDARD = gnu99;
				GCC_NO_COMMON_BLOCKS = YES;
				GCC_WARN_64_TO_32_BIT_CONVERSION = YES;
				GCC_WARN_ABOUT_RETURN_TYPE = YES_ERROR;
				GCC_WARN_UNDECLARED_SELECTOR = YES;
				GCC_WARN_UNINITIALIZED_AUTOS = YES_AGGRESSIVE;
				GCC_WARN_UNUSED_FUNCTION = YES;
				GCC_WARN_UNUSED_VARIABLE = YES;
				IPHONEOS_DEPLOYMENT_TARGET = 7.0;
				MTL_ENABLE_DEBUG_INFO = NO;
				PROVISIONING_PROFILE = "f85308be-f114-49d4-9910-148227e84fe4";
				SDKROOT = iphoneos;
				VALIDATE_PRODUCT = YES;
			};
			name = Release;
		};
		1FD0B7C71D716E4600B7A6F2 /* Debug */ = {
			isa = XCBuildConfiguration;
			baseConfigurationReference = 186A66EF25242E538D314146 /* Pods-AutoComplete.debug.xcconfig */;
			buildSettings = {
				ASSETCATALOG_COMPILER_APPICON_NAME = AppIcon;
				CODE_SIGN_IDENTITY = "iPhone Developer: Michael Morancie Jr (H7RVXSMP65)";
				"CODE_SIGN_IDENTITY[sdk=iphoneos*]" = "iPhone Developer: Michael Morancie Jr (H7RVXSMP65)";
				INFOPLIST_FILE = AutoComplete/Info.plist;
				IPHONEOS_DEPLOYMENT_TARGET = 7.0;
				LD_RUNPATH_SEARCH_PATHS = "$(inherited) @executable_path/Frameworks";
				PRODUCT_BUNDLE_IDENTIFIER = com.ncommon.ncommon;
				PRODUCT_NAME = "$(TARGET_NAME)";
				PROVISIONING_PROFILE = "f85308be-f114-49d4-9910-148227e84fe4";
				SWIFT_OBJC_BRIDGING_HEADER = "AutoComplete/AutoComplete-Bridging-Header.h";
			};
			name = Debug;
		};
		1FD0B7C81D716E4600B7A6F2 /* Release */ = {
			isa = XCBuildConfiguration;
			baseConfigurationReference = A9275FB54C2B26DE64AFE64A /* Pods-AutoComplete.release.xcconfig */;
			buildSettings = {
				ASSETCATALOG_COMPILER_APPICON_NAME = AppIcon;
				CODE_SIGN_IDENTITY = "iPhone Developer: Michael Morancie Jr (H7RVXSMP65)";
				"CODE_SIGN_IDENTITY[sdk=iphoneos*]" = "iPhone Developer: Michael Morancie Jr (H7RVXSMP65)";
				INFOPLIST_FILE = AutoComplete/Info.plist;
				IPHONEOS_DEPLOYMENT_TARGET = 7.0;
				LD_RUNPATH_SEARCH_PATHS = "$(inherited) @executable_path/Frameworks";
				PRODUCT_BUNDLE_IDENTIFIER = com.ncommon.ncommon;
				PRODUCT_NAME = "$(TARGET_NAME)";
				PROVISIONING_PROFILE = "f85308be-f114-49d4-9910-148227e84fe4";
				SWIFT_OBJC_BRIDGING_HEADER = "AutoComplete/AutoComplete-Bridging-Header.h";
			};
			name = Release;
		};
/* End XCBuildConfiguration section */

/* Begin XCConfigurationList section */
		1FD0B7AF1D716E4600B7A6F2 /* Build configuration list for PBXProject "AutoComplete" */ = {
			isa = XCConfigurationList;
			buildConfigurations = (
				1FD0B7C41D716E4600B7A6F2 /* Debug */,
				1FD0B7C51D716E4600B7A6F2 /* Release */,
			);
			defaultConfigurationIsVisible = 0;
			defaultConfigurationName = Release;
		};
		1FD0B7C61D716E4600B7A6F2 /* Build configuration list for PBXNativeTarget "AutoComplete" */ = {
			isa = XCConfigurationList;
			buildConfigurations = (
				1FD0B7C71D716E4600B7A6F2 /* Debug */,
				1FD0B7C81D716E4600B7A6F2 /* Release */,
			);
			defaultConfigurationIsVisible = 0;
			defaultConfigurationName = Release;
		};
/* End XCConfigurationList section */
	};
	rootObject = 1FD0B7AC1D716E4600B7A6F2 /* Project object */;
}
